{
	"name": "@jbkr/storybook-themes",
	"version": "0.1.103",
	"lockfileVersion": 2,
	"requires": true,
	"packages": {
		"": {
			"name": "@jbkr/storybook-themes",
			"version": "0.1.103",
			"license": "UNLICENSED",
			"dependencies": {
				"@jbkr/style-service": "0.1.103",
				"@jbkr/utilities": "0.1.103"
			}
		},
		"node_modules/@jbkr/style-service": {
			"version": "0.1.103",
			"resolved": "https://registry.npmjs.org/@jbkr/style-service/-/style-service-0.1.103.tgz",
			"integrity": "sha512-9rBKkq60VrJH+2zG0xp8xiAJWhWygC3V7+i5qcLREys0uSIDmLp8ngHna0xCN+JqAjrD1NiZ8/eEIv9gamPTzA=="
		},
		"node_modules/@jbkr/utilities": {
			"version": "0.1.103",
			"resolved": "https://registry.npmjs.org/@jbkr/utilities/-/utilities-0.1.103.tgz",
			"integrity": "sha512-1KcTiypczWfs5MBZzs0I3s3ENI0mqDPviffiKNQBeGaNXOmAGHa7XyF6iuKE+IhAHnfzd0tLU+DCR6Qw8Wos5A=="
		}
	},
	"dependencies": {
		"@jbkr/style-service": {
			"version": "0.1.103",
			"resolved": "https://registry.npmjs.org/@jbkr/style-service/-/style-service-0.1.103.tgz",
			"integrity": "sha512-9rBKkq60VrJH+2zG0xp8xiAJWhWygC3V7+i5qcLREys0uSIDmLp8ngHna0xCN+JqAjrD1NiZ8/eEIv9gamPTzA=="
		},
		"@jbkr/utilities": {
			"version": "0.1.103",
			"resolved": "https://registry.npmjs.org/@jbkr/utilities/-/utilities-0.1.103.tgz",
			"integrity": "sha512-1KcTiypczWfs5MBZzs0I3s3ENI0mqDPviffiKNQBeGaNXOmAGHa7XyF6iuKE+IhAHnfzd0tLU+DCR6Qw8Wos5A=="
		}
	}
}
