{
	"name": "@jbkr/lambda-utilities",
	"version": "0.1.0",
	"lockfileVersion": 2,
	"requires": true,
	"packages": {
		"": {
			"name": "@jbkr/lambda-utilities",
			"version": "0.1.0",
			"license": "UNLICENSED",
			"dependencies": {
				"@jbkr/utilities": "file:../utilities",
				"luxon": "^2.0.2"
			}
		},
		"../utilities": {
			"version": "0.1.0",
			"license": "UNLICENSED",
			"devDependencies": {
				"@jbkr/models-typescript": "file:../models-typescript",
				"typescript": "^4.3.5"
			}
		},
		"node_modules/@jbkr/utilities": {
			"resolved": "../utilities",
			"link": true
		},
		"node_modules/luxon": {
			"version": "2.3.0",
			"resolved": "https://registry.npmjs.org/luxon/-/luxon-2.3.0.tgz",
			"integrity": "sha512-gv6jZCV+gGIrVKhO90yrsn8qXPKD8HYZJtrUDSfEbow8Tkw84T9OnCyJhWvnJIaIF/tBuiAjZuQHUt1LddX2mg==",
			"engines": {
				"node": ">=12"
			}
		}
	},
	"dependencies": {
		"@jbkr/utilities": {
			"version": "file:../utilities",
			"requires": {
				"@jbkr/models-typescript": "file:../models-typescript",
				"typescript": "^4.3.5"
			}
		},
		"luxon": {
			"version": "2.3.0",
			"resolved": "https://registry.npmjs.org/luxon/-/luxon-2.3.0.tgz",
			"integrity": "sha512-gv6jZCV+gGIrVKhO90yrsn8qXPKD8HYZJtrUDSfEbow8Tkw84T9OnCyJhWvnJIaIF/tBuiAjZuQHUt1LddX2mg=="
		}
	}
}
