{
	"name": "@jbkr/lambda-utilities",
	"version": "0.1.103",
	"lockfileVersion": 2,
	"requires": true,
	"packages": {
		"": {
			"name": "@jbkr/lambda-utilities",
			"version": "0.1.103",
			"license": "UNLICENSED",
			"dependencies": {
				"@jbkr/utilities": "0.1.103",
				"luxon": "^2.0.2"
			}
		},
		"node_modules/@jbkr/utilities": {
			"version": "0.1.103",
			"resolved": "https://registry.npmjs.org/@jbkr/utilities/-/utilities-0.1.103.tgz",
			"integrity": "sha512-1KcTiypczWfs5MBZzs0I3s3ENI0mqDPviffiKNQBeGaNXOmAGHa7XyF6iuKE+IhAHnfzd0tLU+DCR6Qw8Wos5A=="
		},
		"node_modules/luxon": {
			"version": "2.3.0",
			"resolved": "https://registry.npmjs.org/luxon/-/luxon-2.3.0.tgz",
			"integrity": "sha512-gv6jZCV+gGIrVKhO90yrsn8qXPKD8HYZJtrUDSfEbow8Tkw84T9OnCyJhWvnJIaIF/tBuiAjZuQHUt1LddX2mg==",
			"engines": {
				"node": ">=12"
			}
		}
	},
	"dependencies": {
		"@jbkr/utilities": {
			"version": "0.1.103",
			"resolved": "https://registry.npmjs.org/@jbkr/utilities/-/utilities-0.1.103.tgz",
			"integrity": "sha512-1KcTiypczWfs5MBZzs0I3s3ENI0mqDPviffiKNQBeGaNXOmAGHa7XyF6iuKE+IhAHnfzd0tLU+DCR6Qw8Wos5A=="
		},
		"luxon": {
			"version": "2.3.0",
			"resolved": "https://registry.npmjs.org/luxon/-/luxon-2.3.0.tgz",
			"integrity": "sha512-gv6jZCV+gGIrVKhO90yrsn8qXPKD8HYZJtrUDSfEbow8Tkw84T9OnCyJhWvnJIaIF/tBuiAjZuQHUt1LddX2mg=="
		}
	}
}
