{
	"name": "@jbkr/lambda-utilities",
	"version": "0.1.106",
	"lockfileVersion": 2,
	"requires": true,
	"packages": {
		"": {
			"name": "@jbkr/lambda-utilities",
			"version": "0.1.106",
			"license": "UNLICENSED",
			"dependencies": {
				"@jbkr/utilities": "0.1.106",
				"luxon": "^2.0.2"
			}
		},
		"node_modules/@jbkr/utilities": {
			"version": "0.1.106",
			"resolved": "https://registry.npmjs.org/@jbkr/utilities/-/utilities-0.1.106.tgz",
			"integrity": "sha512-8Wff2lg8HxjWfRgW0EVA1d//GhK10gJYQ1slWSFPegEDv1gvb2vN42f0Wc25oqGCJTSBSldhNN/mW3t8ghi84A=="
		},
		"node_modules/luxon": {
			"version": "2.3.1",
			"resolved": "https://registry.npmjs.org/luxon/-/luxon-2.3.1.tgz",
			"integrity": "sha512-I8vnjOmhXsMSlNMZlMkSOvgrxKJl0uOsEzdGgGNZuZPaS9KlefpE9KV95QFftlJSC+1UyCC9/I69R02cz/zcCA==",
			"engines": {
				"node": ">=12"
			}
		}
	},
	"dependencies": {
		"@jbkr/utilities": {
			"version": "0.1.106",
			"resolved": "https://registry.npmjs.org/@jbkr/utilities/-/utilities-0.1.106.tgz",
			"integrity": "sha512-8Wff2lg8HxjWfRgW0EVA1d//GhK10gJYQ1slWSFPegEDv1gvb2vN42f0Wc25oqGCJTSBSldhNN/mW3t8ghi84A=="
		},
		"luxon": {
			"version": "2.3.1",
			"resolved": "https://registry.npmjs.org/luxon/-/luxon-2.3.1.tgz",
			"integrity": "sha512-I8vnjOmhXsMSlNMZlMkSOvgrxKJl0uOsEzdGgGNZuZPaS9KlefpE9KV95QFftlJSC+1UyCC9/I69R02cz/zcCA=="
		}
	}
}
