{
	"name": "@jbkr/style-service",
	"version": "0.1.106",
	"lockfileVersion": 2,
	"requires": true,
	"packages": {
		"": {
			"name": "@jbkr/style-service",
			"version": "0.1.106",
			"license": "UNLICENSED",
			"devDependencies": {
				"@jbkr/models-typescript": "0.1.106",
				"@jbkr/utilities": "0.1.106",
				"typescript": "^4.3.5"
			}
		},
		"node_modules/@jbkr/models-typescript": {
			"version": "0.1.106",
			"resolved": "https://registry.npmjs.org/@jbkr/models-typescript/-/models-typescript-0.1.106.tgz",
			"integrity": "sha512-nmXVT4Hmy70coJBxE5uVZi8bfRzaDyFIf83vlsxXxrWUa+1ruIc4rzKo9+RKE67hBYDI6DJ30blfF19VJyXrtg==",
			"dev": true
		},
		"node_modules/@jbkr/utilities": {
			"version": "0.1.106",
			"resolved": "https://registry.npmjs.org/@jbkr/utilities/-/utilities-0.1.106.tgz",
			"integrity": "sha512-8Wff2lg8HxjWfRgW0EVA1d//GhK10gJYQ1slWSFPegEDv1gvb2vN42f0Wc25oqGCJTSBSldhNN/mW3t8ghi84A==",
			"dev": true
		},
		"node_modules/typescript": {
			"version": "4.6.3",
			"resolved": "https://registry.npmjs.org/typescript/-/typescript-4.6.3.tgz",
			"integrity": "sha512-yNIatDa5iaofVozS/uQJEl3JRWLKKGJKh6Yaiv0GLGSuhpFJe7P3SbHZ8/yjAHRQwKRoA6YZqlfjXWmVzoVSMw==",
			"dev": true,
			"bin": {
				"tsc": "bin/tsc",
				"tsserver": "bin/tsserver"
			},
			"engines": {
				"node": ">=4.2.0"
			}
		}
	},
	"dependencies": {
		"@jbkr/models-typescript": {
			"version": "0.1.106",
			"resolved": "https://registry.npmjs.org/@jbkr/models-typescript/-/models-typescript-0.1.106.tgz",
			"integrity": "sha512-nmXVT4Hmy70coJBxE5uVZi8bfRzaDyFIf83vlsxXxrWUa+1ruIc4rzKo9+RKE67hBYDI6DJ30blfF19VJyXrtg==",
			"dev": true
		},
		"@jbkr/utilities": {
			"version": "0.1.106",
			"resolved": "https://registry.npmjs.org/@jbkr/utilities/-/utilities-0.1.106.tgz",
			"integrity": "sha512-8Wff2lg8HxjWfRgW0EVA1d//GhK10gJYQ1slWSFPegEDv1gvb2vN42f0Wc25oqGCJTSBSldhNN/mW3t8ghi84A==",
			"dev": true
		},
		"typescript": {
			"version": "4.6.3",
			"resolved": "https://registry.npmjs.org/typescript/-/typescript-4.6.3.tgz",
			"integrity": "sha512-yNIatDa5iaofVozS/uQJEl3JRWLKKGJKh6Yaiv0GLGSuhpFJe7P3SbHZ8/yjAHRQwKRoA6YZqlfjXWmVzoVSMw==",
			"dev": true
		}
	}
}
