{
	"name": "@jbkr/style-service",
	"version": "0.1.0",
	"lockfileVersion": 2,
	"requires": true,
	"packages": {
		"": {
			"name": "@jbkr/style-service",
			"version": "0.1.0",
			"license": "UNLICENSED",
			"devDependencies": {
				"@jbkr/models": "file:../models",
				"@jbkr/utilities": "file:../utilities",
				"typescript": "^4.3.5"
			}
		},
		"../models": {
			"name": "@jbkr/models",
			"version": "0.1.0",
			"dev": true,
			"license": "UNLICENSED"
		},
		"../utilities": {
			"name": "@jbkr/utilities",
			"version": "0.1.0",
			"dev": true,
			"license": "UNLICENSED",
			"devDependencies": {
				"@jbkr/models": "file:../models",
				"typescript": "^4.3.5"
			}
		},
		"../utilities/node_modules/@jbkr/models": {
			"resolved": "../models",
			"link": true
		},
		"../utilities/node_modules/typescript": {
			"version": "4.3.5",
			"dev": true,
			"license": "Apache-2.0",
			"bin": {
				"tsc": "bin/tsc",
				"tsserver": "bin/tsserver"
			},
			"engines": {
				"node": ">=4.2.0"
			}
		},
		"node_modules/@jbkr/models": {
			"resolved": "../models",
			"link": true
		},
		"node_modules/@jbkr/utilities": {
			"resolved": "../utilities",
			"link": true
		},
		"node_modules/typescript": {
			"version": "4.4.4",
			"dev": true,
			"license": "Apache-2.0",
			"bin": {
				"tsc": "bin/tsc",
				"tsserver": "bin/tsserver"
			},
			"engines": {
				"node": ">=4.2.0"
			}
		}
	},
	"dependencies": {
		"@jbkr/models": {
			"version": "file:../models"
		},
		"@jbkr/utilities": {
			"version": "file:../utilities",
			"requires": {
				"@jbkr/models": "file:../models",
				"typescript": "^4.3.5"
			},
			"dependencies": {
				"@jbkr/models": {
					"version": "file:../models"
				},
				"typescript": {
					"version": "4.3.5",
					"dev": true
				}
			}
		},
		"typescript": {
			"version": "4.4.4",
			"dev": true
		}
	}
}
