{
	"name": "@jbkr/style-service",
	"version": "0.1.0",
	"lockfileVersion": 2,
	"requires": true,
	"packages": {
		"": {
			"name": "@jbkr/style-service",
			"version": "0.1.0",
			"license": "UNLICENSED",
			"devDependencies": {
				"@jbkr/models-typescript": "file:../models-typescript",
				"@jbkr/utilities": "file:../utilities",
				"typescript": "^4.3.5"
			}
		},
		"../models-typescript": {
			"version": "0.1.0",
			"dev": true,
			"license": "UNLICENSED"
		},
		"../utilities": {
			"version": "0.1.0",
			"dev": true,
			"license": "UNLICENSED",
			"devDependencies": {
				"@jbkr/models-typescript": "file:../models-typescript",
				"typescript": "^4.3.5"
			}
		},
		"node_modules/@jbkr/models-typescript": {
			"resolved": "../models-typescript",
			"link": true
		},
		"node_modules/@jbkr/utilities": {
			"resolved": "../utilities",
			"link": true
		},
		"node_modules/typescript": {
			"version": "4.5.4",
			"resolved": "https://registry.npmjs.org/typescript/-/typescript-4.5.4.tgz",
			"integrity": "sha512-VgYs2A2QIRuGphtzFV7aQJduJ2gyfTljngLzjpfW9FoYZF6xuw1W0vW9ghCKLfcWrCFxK81CSGRAvS1pn4fIUg==",
			"dev": true,
			"bin": {
				"tsc": "bin/tsc",
				"tsserver": "bin/tsserver"
			},
			"engines": {
				"node": ">=4.2.0"
			}
		}
	},
	"dependencies": {
		"@jbkr/models-typescript": {
			"version": "file:../models-typescript"
		},
		"@jbkr/utilities": {
			"version": "file:../utilities",
			"requires": {
				"@jbkr/models-typescript": "file:../models-typescript",
				"typescript": "^4.3.5"
			}
		},
		"typescript": {
			"version": "4.5.4",
			"resolved": "https://registry.npmjs.org/typescript/-/typescript-4.5.4.tgz",
			"integrity": "sha512-VgYs2A2QIRuGphtzFV7aQJduJ2gyfTljngLzjpfW9FoYZF6xuw1W0vW9ghCKLfcWrCFxK81CSGRAvS1pn4fIUg==",
			"dev": true
		}
	}
}
