{
	"name": "@jbkr/syntax-highlighting",
	"version": "0.1.106",
	"lockfileVersion": 2,
	"requires": true,
	"packages": {
		"": {
			"name": "@jbkr/syntax-highlighting",
			"version": "0.1.106",
			"license": "UNLICENSED",
			"dependencies": {
				"@jbkr/style-service": "0.1.106",
				"@jbkr/utilities": "0.1.106"
			}
		},
		"node_modules/@jbkr/style-service": {
			"version": "0.1.106",
			"resolved": "https://registry.npmjs.org/@jbkr/style-service/-/style-service-0.1.106.tgz",
			"integrity": "sha512-lN24svAw4mv4OID4dm6OiGS7AxBSYOxx2RPVKlBEAEvb1db2aVkqvc77cqfI8C8s21S11GkqYbhcZeRlq9eEwg=="
		},
		"node_modules/@jbkr/utilities": {
			"version": "0.1.106",
			"resolved": "https://registry.npmjs.org/@jbkr/utilities/-/utilities-0.1.106.tgz",
			"integrity": "sha512-8Wff2lg8HxjWfRgW0EVA1d//GhK10gJYQ1slWSFPegEDv1gvb2vN42f0Wc25oqGCJTSBSldhNN/mW3t8ghi84A=="
		}
	},
	"dependencies": {
		"@jbkr/style-service": {
			"version": "0.1.106",
			"resolved": "https://registry.npmjs.org/@jbkr/style-service/-/style-service-0.1.106.tgz",
			"integrity": "sha512-lN24svAw4mv4OID4dm6OiGS7AxBSYOxx2RPVKlBEAEvb1db2aVkqvc77cqfI8C8s21S11GkqYbhcZeRlq9eEwg=="
		},
		"@jbkr/utilities": {
			"version": "0.1.106",
			"resolved": "https://registry.npmjs.org/@jbkr/utilities/-/utilities-0.1.106.tgz",
			"integrity": "sha512-8Wff2lg8HxjWfRgW0EVA1d//GhK10gJYQ1slWSFPegEDv1gvb2vN42f0Wc25oqGCJTSBSldhNN/mW3t8ghi84A=="
		}
	}
}
