{
	"name": "@jbkr/syntax-highlighting",
	"version": "0.1.0",
	"lockfileVersion": 2,
	"requires": true,
	"packages": {
		"": {
			"name": "@jbkr/syntax-highlighting",
			"version": "0.1.0",
			"license": "UNLICENSED",
			"dependencies": {
				"@jbkr/style-service": "0.1.0"
			}
		},
		"node_modules/@jbkr/style-service": {
			"version": "0.1.0",
			"resolved": "https://registry.npmjs.org/@jbkr/style-service/-/style-service-0.1.0.tgz",
			"integrity": "sha512-tShUgUfoBIzS1OhPp/KJrSoNCEZQ2H3Pg9CluA9rdlA7dKQX+BkbXUzq58zYGF3s6iAnt980jPaKxMna5Vmzfg=="
		}
	},
	"dependencies": {
		"@jbkr/style-service": {
			"version": "0.1.0",
			"resolved": "https://registry.npmjs.org/@jbkr/style-service/-/style-service-0.1.0.tgz",
			"integrity": "sha512-tShUgUfoBIzS1OhPp/KJrSoNCEZQ2H3Pg9CluA9rdlA7dKQX+BkbXUzq58zYGF3s6iAnt980jPaKxMna5Vmzfg=="
		}
	}
}
