{
	"name": "@jbkr/syntax-highlighting",
	"version": "0.1.0",
	"lockfileVersion": 2,
	"requires": true,
	"packages": {
		"": {
			"name": "@jbkr/syntax-highlighting",
			"version": "0.1.0",
			"license": "UNLICENSED",
			"dependencies": {
				"@jbkr/style-service": "file:../style-service"
			}
		},
		"../style-service": {
			"version": "0.1.0",
			"license": "UNLICENSED",
			"devDependencies": {
				"@jbkr/models-typescript": "file:../models-typescript",
				"@jbkr/utilities": "file:../utilities",
				"typescript": "^4.3.5"
			}
		},
		"node_modules/@jbkr/style-service": {
			"resolved": "../style-service",
			"link": true
		}
	},
	"dependencies": {
		"@jbkr/style-service": {
			"version": "file:../style-service",
			"requires": {
				"@jbkr/models-typescript": "file:../models-typescript",
				"@jbkr/utilities": "file:../utilities",
				"typescript": "^4.3.5"
			}
		}
	}
}
